
Microsoft Visual Studio Solution File, Format Version 12.00
# Visual Studio Version 17
VisualStudioVersion = 17.6.33829.357
MinimumVisualStudioVersion = 10.0.40219.1
Project("{FAE04EC0-301F-11D3-BF4B-00C04F79EFBC}") = "MongoDbAjaxProject", "MongoDbAjaxProject\MongoDbAjaxProject.csproj", "{0C0D53DB-321B-4792-AAF2-03FD7AB2C7FF}"
EndProject
Global
	GlobalSection(SolutionConfigurationPlatforms) = preSolution
		Debug|Any CPU = Debug|Any CPU
		Release|Any CPU = Release|Any CPU
	EndGlobalSection
	GlobalSection(ProjectConfigurationPlatforms) = postSolution
		{0C0D53DB-321B-4792-AAF2-03FD7AB2C7FF}.Debug|Any CPU.ActiveCfg = Debug|Any CPU
		{0C0D53DB-321B-4792-AAF2-03FD7AB2C7FF}.Debug|Any CPU.Build.0 = Debug|Any CPU
		{0C0D53DB-321B-4792-AAF2-03FD7AB2C7FF}.Release|Any CPU.ActiveCfg = Release|Any CPU
		{0C0D53DB-321B-4792-AAF2-03FD7AB2C7FF}.Release|Any CPU.Build.0 = Release|Any CPU
	EndGlobalSection
	GlobalSection(SolutionProperties) = preSolution
		HideSolutionNode = FALSE
	EndGlobalSection
	GlobalSection(ExtensibilityGlobals) = postSolution
		SolutionGuid = {A039D111-6B6E-47C0-B1C7-A77DCCDD7AE6}
	EndGlobalSection
EndGlobal
